
Microsoft Visual Studio Solution File, Format Version 12.00
# Visual Studio Version 17
VisualStudioVersion = 17.7.34031.279
MinimumVisualStudioVersion = 10.0.40219.1
Project("{778DAE3C-4631-46EA-AA77-85C1314464D9}") = "WinFormsApp2", "WinFormsApp2\WinFormsApp2.vbproj", "{9DD39876-14C8-4C98-A28F-43D2D82EE7D0}"
EndProject
Global
	GlobalSection(SolutionConfigurationPlatforms) = preSolution
		Debug|Any CPU = Debug|Any CPU
		Release|Any CPU = Release|Any CPU
	EndGlobalSection
	GlobalSection(ProjectConfigurationPlatforms) = postSolution
		{9DD39876-14C8-4C98-A28F-43D2D82EE7D0}.Debug|Any CPU.ActiveCfg = Debug|Any CPU
		{9DD39876-14C8-4C98-A28F-43D2D82EE7D0}.Debug|Any CPU.Build.0 = Debug|Any CPU
		{9DD39876-14C8-4C98-A28F-43D2D82EE7D0}.Release|Any CPU.ActiveCfg = Release|Any CPU
		{9DD39876-14C8-4C98-A28F-43D2D82EE7D0}.Release|Any CPU.Build.0 = Release|Any CPU
	EndGlobalSection
	GlobalSection(SolutionProperties) = preSolution
		HideSolutionNode = FALSE
	EndGlobalSection
	GlobalSection(ExtensibilityGlobals) = postSolution
		SolutionGuid = {2BA00C72-45E8-4C8F-B4C8-55941C90712F}
	EndGlobalSection
EndGlobal
