
Microsoft Visual Studio Solution File, Format Version 12.00
# Visual Studio Version 17
VisualStudioVersion = 17.7.34031.279
MinimumVisualStudioVersion = 10.0.40219.1
Project("{FAE04EC0-301F-11D3-BF4B-00C04F79EFBC}") = "MeetingRoomBookingApp", "MeetingRoomBookingApp\MeetingRoomBookingApp.csproj", "{2C46DF7A-970E-4AB6-B799-A3F7E4B1456F}"
EndProject
Global
	GlobalSection(SolutionConfigurationPlatforms) = preSolution
		Debug|Any CPU = Debug|Any CPU
		Release|Any CPU = Release|Any CPU
	EndGlobalSection
	GlobalSection(ProjectConfigurationPlatforms) = postSolution
		{2C46DF7A-970E-4AB6-B799-A3F7E4B1456F}.Debug|Any CPU.ActiveCfg = Debug|Any CPU
		{2C46DF7A-970E-4AB6-B799-A3F7E4B1456F}.Debug|Any CPU.Build.0 = Debug|Any CPU
		{2C46DF7A-970E-4AB6-B799-A3F7E4B1456F}.Release|Any CPU.ActiveCfg = Release|Any CPU
		{2C46DF7A-970E-4AB6-B799-A3F7E4B1456F}.Release|Any CPU.Build.0 = Release|Any CPU
	EndGlobalSection
	GlobalSection(SolutionProperties) = preSolution
		HideSolutionNode = FALSE
	EndGlobalSection
	GlobalSection(ExtensibilityGlobals) = postSolution
		SolutionGuid = {87406E97-4CB8-4311-8E17-09BD3378DA19}
	EndGlobalSection
EndGlobal
